
Microsoft Visual Studio Solution File, Format Version 12.00
# Visual Studio Version 16
VisualStudioVersion = 16.0.29519.181
MinimumVisualStudioVersion = 10.0.40219.1
Project("{9A19103F-16F7-4668-BE54-9A1E7A4F7556}") = "BoutinFlegel.Authentication", "BoutinFlegel.Authentication\BoutinFlegel.Authentication.csproj", "{502260B8-3CDC-48CE-AA76-33EA7F435E8D}"
EndProject
Project("{D954291E-2A0B-460D-934E-DC6B0785DB48}") = "BoutinFlegel.Authentication.Proto", "BoutinFlegel.Authentication.Proto\BoutinFlegel.Authentication.Proto.shproj", "{BD25A06B-6012-4A1E-A21B-7B911E8EBC93}"
EndProject
Project("{2150E333-8FDC-42A3-9474-1A3956D46DE8}") = "Solution Items", "Solution Items", "{73AC9511-F054-4AEB-806B-D22F9DB0F02C}"
	ProjectSection(SolutionItems) = preProject
		.editorconfig = .editorconfig
		.gitignore = .gitignore
		Readme.md = Readme.md
	EndProjectSection
EndProject
Global
	GlobalSection(SharedMSBuildProjectFiles) = preSolution
		BoutinFlegel.Authentication.Proto\BoutinFlegel.Authentication.Proto.projitems*{bd25a06b-6012-4a1e-a21b-7b911e8ebc93}*SharedItemsImports = 13
	EndGlobalSection
	GlobalSection(SolutionConfigurationPlatforms) = preSolution
		Debug|Any CPU = Debug|Any CPU
		Release|Any CPU = Release|Any CPU
	EndGlobalSection
	GlobalSection(ProjectConfigurationPlatforms) = postSolution
		{502260B8-3CDC-48CE-AA76-33EA7F435E8D}.Debug|Any CPU.ActiveCfg = Debug|Any CPU
		{502260B8-3CDC-48CE-AA76-33EA7F435E8D}.Debug|Any CPU.Build.0 = Debug|Any CPU
		{502260B8-3CDC-48CE-AA76-33EA7F435E8D}.Release|Any CPU.ActiveCfg = Release|Any CPU
		{502260B8-3CDC-48CE-AA76-33EA7F435E8D}.Release|Any CPU.Build.0 = Release|Any CPU
	EndGlobalSection
	GlobalSection(SolutionProperties) = preSolution
		HideSolutionNode = FALSE
	EndGlobalSection
	GlobalSection(ExtensibilityGlobals) = postSolution
		SolutionGuid = {F6AE6790-B866-44D9-A70A-FB43C5A594B6}
	EndGlobalSection
EndGlobal
